
Microsoft Visual Studio Solution File, Format Version 12.00
# Visual Studio Version 17
VisualStudioVersion = 17.1.32319.34
MinimumVisualStudioVersion = 10.0.40219.1
Project("{8BC9CEB8-8B4A-11D0-8D11-00A0C91BC942}") = "CppCLR_WinFormsProject1", "CppCLR_WinFormsProject1.vcxproj", "{CB22FE01-BA99-4A67-AE66-678AC5C6328A}"
EndProject
Global
	GlobalSection(SolutionConfigurationPlatforms) = preSolution
		Debug|x64 = Debug|x64
		Debug|x86 = Debug|x86
		Release|x64 = Release|x64
		Release|x86 = Release|x86
	EndGlobalSection
	GlobalSection(ProjectConfigurationPlatforms) = postSolution
		{CB22FE01-BA99-4A67-AE66-678AC5C6328A}.Debug|x64.ActiveCfg = Debug|x64
		{CB22FE01-BA99-4A67-AE66-678AC5C6328A}.Debug|x64.Build.0 = Debug|x64
		{CB22FE01-BA99-4A67-AE66-678AC5C6328A}.Debug|x86.ActiveCfg = Debug|Win32
		{CB22FE01-BA99-4A67-AE66-678AC5C6328A}.Debug|x86.Build.0 = Debug|Win32
		{CB22FE01-BA99-4A67-AE66-678AC5C6328A}.Release|x64.ActiveCfg = Release|x64
		{CB22FE01-BA99-4A67-AE66-678AC5C6328A}.Release|x64.Build.0 = Release|x64
		{CB22FE01-BA99-4A67-AE66-678AC5C6328A}.Release|x86.ActiveCfg = Release|Win32
		{CB22FE01-BA99-4A67-AE66-678AC5C6328A}.Release|x86.Build.0 = Release|Win32
	EndGlobalSection
	GlobalSection(SolutionProperties) = preSolution
		HideSolutionNode = FALSE
	EndGlobalSection
	GlobalSection(ExtensibilityGlobals) = postSolution
		SolutionGuid = {ED065CBE-4C8B-4E80-9528-FF657451455B}
	EndGlobalSection
EndGlobal
